PODS:
  - PhysicsEngine (0.0.2)

DEPENDENCIES:
  - PhysicsEngine (from `git@github.com:cs3217/2018-ps4-twink1e.git`, branch `cocoapod`)

EXTERNAL SOURCES:
  PhysicsEngine:
    :branch: cocoapod
    :git: git@github.com:cs3217/2018-ps4-twink1e.git

CHECKOUT OPTIONS:
  PhysicsEngine:
    :commit: 357054127b9d5590f24d24c270c89306f7c2c627
    :git: git@github.com:cs3217/2018-ps4-twink1e.git

SPEC CHECKSUMS:
  PhysicsEngine: d6820b9420229421cb38ffffc5d19e34fd4d568a

PODFILE CHECKSUM: 8e1c2464d0e3e64bf696be7c0a92c5c30d390435

COCOAPODS: 1.4.0
